// !$*UTF8*$!
{
	archiveVersion = 1;
	classes = {
	};
	objectVersion = 55;
	objects = {

/* Begin PBXBuildFile section */
		F0711A7E27D4D553008806C7 /* AppDelegate.swift in Sources */ = {isa = PBXBuildFile; fileRef = F0711A7D27D4D553008806C7 /* AppDelegate.swift */; };
		F0711A8727D4D555008806C7 /* Assets.xcassets in Resources */ = {isa = PBXBuildFile; fileRef = F0711A8627D4D555008806C7 /* Assets.xcassets */; };
		F0711A8A27D4D555008806C7 /* LaunchScreen.storyboard in Resources */ = {isa = PBXBuildFile; fileRef = F0711A8827D4D555008806C7 /* LaunchScreen.storyboard */; };
		F0711A9627D4D6D7008806C7 /* MainTabBarController.swift in Sources */ = {isa = PBXBuildFile; fileRef = F0711A9527D4D6D7008806C7 /* MainTabBarController.swift */; };
		F0711A9B27D4D710008806C7 /* RocketsViewController.swift in Sources */ = {isa = PBXBuildFile; fileRef = F0711A9A27D4D710008806C7 /* RocketsViewController.swift */; };
		F0711A9D27D4D729008806C7 /* LaunchesViewController.swift in Sources */ = {isa = PBXBuildFile; fileRef = F0711A9C27D4D729008806C7 /* LaunchesViewController.swift */; };
		F0711A9F27D4D747008806C7 /* LaunchpadsViewController.swift in Sources */ = {isa = PBXBuildFile; fileRef = F0711A9E27D4D747008806C7 /* LaunchpadsViewController.swift */; };
		F0711AA327D4D77B008806C7 /* NetworkManager.swift in Sources */ = {isa = PBXBuildFile; fileRef = F0711AA227D4D77B008806C7 /* NetworkManager.swift */; };
		F0711AA527D4D78D008806C7 /* Rocket.swift in Sources */ = {isa = PBXBuildFile; fileRef = F0711AA427D4D78D008806C7 /* Rocket.swift */; };
		F0711AAA27D4D85C008806C7 /* AlertError.swift in Sources */ = {isa = PBXBuildFile; fileRef = F0711AA927D4D85C008806C7 /* AlertError.swift */; };
		F0711AAC27D4D875008806C7 /* RocketsCollectionViewCell.swift in Sources */ = {isa = PBXBuildFile; fileRef = F0711AAB27D4D875008806C7 /* RocketsCollectionViewCell.swift */; };
		F0711AB027D4D8E7008806C7 /* UIViewController.swift in Sources */ = {isa = PBXBuildFile; fileRef = F0711AAF27D4D8E7008806C7 /* UIViewController.swift */; };
		F0711AB227D4D930008806C7 /* RocketDetailViewController.swift in Sources */ = {isa = PBXBuildFile; fileRef = F0711AB127D4D930008806C7 /* RocketDetailViewController.swift */; };
		F0711AB427D4D94A008806C7 /* RocketWikiViewController.swift in Sources */ = {isa = PBXBuildFile; fileRef = F0711AB327D4D94A008806C7 /* RocketWikiViewController.swift */; };
		F0711AB627D4D968008806C7 /* LaunchDetailViewController.swift in Sources */ = {isa = PBXBuildFile; fileRef = F0711AB527D4D968008806C7 /* LaunchDetailViewController.swift */; };
		F0711AB827D4D98A008806C7 /* LaunchpadDetailViewController.swift in Sources */ = {isa = PBXBuildFile; fileRef = F0711AB727D4D98A008806C7 /* LaunchpadDetailViewController.swift */; };
		F0711ABA27D4DF04008806C7 /* UIImageView.swift in Sources */ = {isa = PBXBuildFile; fileRef = F0711AB927D4DF04008806C7 /* UIImageView.swift */; };
		F09AB66027DCECFA00A050D6 /* TransitionManager.swift in Sources */ = {isa = PBXBuildFile; fileRef = F09AB65F27DCECFA00A050D6 /* TransitionManager.swift */; };
		F0F0426D27DA3D3A00225F78 /* String+Date.swift in Sources */ = {isa = PBXBuildFile; fileRef = F0F0426C27DA3D3A00225F78 /* String+Date.swift */; };
		F0F5FAB927D5475D00F8FDD7 /* UILabel.swift in Sources */ = {isa = PBXBuildFile; fileRef = F0F5FAB827D5475D00F8FDD7 /* UILabel.swift */; };
		F0F5FABB27D54A2100F8FDD7 /* UIColor.swift in Sources */ = {isa = PBXBuildFile; fileRef = F0F5FABA27D54A2100F8FDD7 /* UIColor.swift */; };
		F0F5FABD27D54BEF00F8FDD7 /* UIStackView.swift in Sources */ = {isa = PBXBuildFile; fileRef = F0F5FABC27D54BEF00F8FDD7 /* UIStackView.swift */; };
		F0FCDC7D27E331E300EAFDA2 /* LaunchesCollectionViewCell.swift in Sources */ = {isa = PBXBuildFile; fileRef = F0FCDC7C27E331E300EAFDA2 /* LaunchesCollectionViewCell.swift */; };
		F0FCDC7F27E3325E00EAFDA2 /* LaunchpadsCollectionViewCell.swift in Sources */ = {isa = PBXBuildFile; fileRef = F0FCDC7E27E3325E00EAFDA2 /* LaunchpadsCollectionViewCell.swift */; };
/* End PBXBuildFile section */

/* Begin PBXFileReference section */
		F0711A7A27D4D553008806C7 /* SpaceX.app */ = {isa = PBXFileReference; explicitFileType = wrapper.application; includeInIndex = 0; path = SpaceX.app; sourceTree = BUILT_PRODUCTS_DIR; };
		F0711A7D27D4D553008806C7 /* AppDelegate.swift */ = {isa = PBXFileReference; lastKnownFileType = sourcecode.swift; path = AppDelegate.swift; sourceTree = "<group>"; };
		F0711A8627D4D555008806C7 /* Assets.xcassets */ = {isa = PBXFileReference; lastKnownFileType = folder.assetcatalog; path = Assets.xcassets; sourceTree = "<group>"; };
		F0711A8927D4D555008806C7 /* Base */ = {isa = PBXFileReference; lastKnownFileType = file.storyboard; name = Base; path = Base.lproj/LaunchScreen.storyboard; sourceTree = "<group>"; };
		F0711A8B27D4D555008806C7 /* Info.plist */ = {isa = PBXFileReference; lastKnownFileType = text.plist.xml; path = Info.plist; sourceTree = "<group>"; };
		F0711A9127D4D56B008806C7 /* README.md */ = {isa = PBXFileReference; lastKnownFileType = net.daringfireball.markdown; path = README.md; sourceTree = "<group>"; };
		F0711A9527D4D6D7008806C7 /* MainTabBarController.swift */ = {isa = PBXFileReference; lastKnownFileType = sourcecode.swift; path = MainTabBarController.swift; sourceTree = "<group>"; };
		F0711A9A27D4D710008806C7 /* RocketsViewController.swift */ = {isa = PBXFileReference; lastKnownFileType = sourcecode.swift; path = RocketsViewController.swift; sourceTree = "<group>"; };
		F0711A9C27D4D729008806C7 /* LaunchesViewController.swift */ = {isa = PBXFileReference; lastKnownFileType = sourcecode.swift; path = LaunchesViewController.swift; sourceTree = "<group>"; };
		F0711A9E27D4D747008806C7 /* LaunchpadsViewController.swift */ = {isa = PBXFileReference; lastKnownFileType = sourcecode.swift; path = LaunchpadsViewController.swift; sourceTree = "<group>"; };
		F0711AA227D4D77B008806C7 /* NetworkManager.swift */ = {isa = PBXFileReference; lastKnownFileType = sourcecode.swift; path = NetworkManager.swift; sourceTree = "<group>"; };
		F0711AA427D4D78D008806C7 /* Rocket.swift */ = {isa = PBXFileReference; lastKnownFileType = sourcecode.swift; path = Rocket.swift; sourceTree = "<group>"; };
		F0711AA927D4D85C008806C7 /* AlertError.swift */ = {isa = PBXFileReference; lastKnownFileType = sourcecode.swift; path = AlertError.swift; sourceTree = "<group>"; };
		F0711AAB27D4D875008806C7 /* RocketsCollectionViewCell.swift */ = {isa = PBXFileReference; lastKnownFileType = sourcecode.swift; path = RocketsCollectionViewCell.swift; sourceTree = "<group>"; };
		F0711AAF27D4D8E7008806C7 /* UIViewController.swift */ = {isa = PBXFileReference; lastKnownFileType = sourcecode.swift; path = UIViewController.swift; sourceTree = "<group>"; };
		F0711AB127D4D930008806C7 /* RocketDetailViewController.swift */ = {isa = PBXFileReference; lastKnownFileType = sourcecode.swift; path = RocketDetailViewController.swift; sourceTree = "<group>"; };
		F0711AB327D4D94A008806C7 /* RocketWikiViewController.swift */ = {isa = PBXFileReference; lastKnownFileType = sourcecode.swift; path = RocketWikiViewController.swift; sourceTree = "<group>"; };
		F0711AB527D4D968008806C7 /* LaunchDetailViewController.swift */ = {isa = PBXFileReference; lastKnownFileType = sourcecode.swift; path = LaunchDetailViewController.swift; sourceTree = "<group>"; };
		F0711AB727D4D98A008806C7 /* LaunchpadDetailViewController.swift */ = {isa = PBXFileReference; lastKnownFileType = sourcecode.swift; path = LaunchpadDetailViewController.swift; sourceTree = "<group>"; };
		F0711AB927D4DF04008806C7 /* UIImageView.swift */ = {isa = PBXFileReference; lastKnownFileType = sourcecode.swift; path = UIImageView.swift; sourceTree = "<group>"; };
		F09AB65F27DCECFA00A050D6 /* TransitionManager.swift */ = {isa = PBXFileReference; lastKnownFileType = sourcecode.swift; path = TransitionManager.swift; sourceTree = "<group>"; };
		F0F0426C27DA3D3A00225F78 /* String+Date.swift */ = {isa = PBXFileReference; lastKnownFileType = sourcecode.swift; path = "String+Date.swift"; sourceTree = "<group>"; };
		F0F5FAB827D5475D00F8FDD7 /* UILabel.swift */ = {isa = PBXFileReference; lastKnownFileType = sourcecode.swift; path = UILabel.swift; sourceTree = "<group>"; };
		F0F5FABA27D54A2100F8FDD7 /* UIColor.swift */ = {isa = PBXFileReference; lastKnownFileType = sourcecode.swift; path = UIColor.swift; sourceTree = "<group>"; };
		F0F5FABC27D54BEF00F8FDD7 /* UIStackView.swift */ = {isa = PBXFileReference; lastKnownFileType = sourcecode.swift; path = UIStackView.swift; sourceTree = "<group>"; };
		F0FCDC7C27E331E300EAFDA2 /* LaunchesCollectionViewCell.swift */ = {isa = PBXFileReference; lastKnownFileType = sourcecode.swift; path = LaunchesCollectionViewCell.swift; sourceTree = "<group>"; };
		F0FCDC7E27E3325E00EAFDA2 /* LaunchpadsCollectionViewCell.swift */ = {isa = PBXFileReference; lastKnownFileType = sourcecode.swift; path = LaunchpadsCollectionViewCell.swift; sourceTree = "<group>"; };
/* End PBXFileReference section */

/* Begin PBXFrameworksBuildPhase section */
		F0711A7727D4D553008806C7 /* Frameworks */ = {
			isa = PBXFrameworksBuildPhase;
			buildActionMask = 2147483647;
			files = (
			);
			runOnlyForDeploymentPostprocessing = 0;
		};
/* End PBXFrameworksBuildPhase section */

/* Begin PBXGroup section */
		F0711A7127D4D553008806C7 = {
			isa = PBXGroup;
			children = (
				F0711A9127D4D56B008806C7 /* README.md */,
				F0711A7C27D4D553008806C7 /* SpaceX */,
				F0711A7B27D4D553008806C7 /* Products */,
			);
			sourceTree = "<group>";
		};
		F0711A7B27D4D553008806C7 /* Products */ = {
			isa = PBXGroup;
			children = (
				F0711A7A27D4D553008806C7 /* SpaceX.app */,
			);
			name = Products;
			sourceTree = "<group>";
		};
		F0711A7C27D4D553008806C7 /* SpaceX */ = {
			isa = PBXGroup;
			children = (
				F0711A9227D4D671008806C7 /* Application */,
				F0711A9427D4D6C2008806C7 /* Controllers */,
				F0711AA627D4D83E008806C7 /* Views */,
				F0711AA027D4D762008806C7 /* Services */,
				F0711AAD27D4D8D7008806C7 /* Extensions */,
				F0711AA127D4D768008806C7 /* Models */,
				F0711A9327D4D67B008806C7 /* Resources */,
			);
			path = SpaceX;
			sourceTree = "<group>";
		};
		F0711A9227D4D671008806C7 /* Application */ = {
			isa = PBXGroup;
			children = (
				F0711A7D27D4D553008806C7 /* AppDelegate.swift */,
			);
			path = Application;
			sourceTree = "<group>";
		};
		F0711A9327D4D67B008806C7 /* Resources */ = {
			isa = PBXGroup;
			children = (
				F0711A8627D4D555008806C7 /* Assets.xcassets */,
				F0711A8827D4D555008806C7 /* LaunchScreen.storyboard */,
				F0711A8B27D4D555008806C7 /* Info.plist */,
			);
			path = Resources;
			sourceTree = "<group>";
		};
		F0711A9427D4D6C2008806C7 /* Controllers */ = {
			isa = PBXGroup;
			children = (
				F0711A9527D4D6D7008806C7 /* MainTabBarController.swift */,
				F0711A9727D4D6EA008806C7 /* Rockets */,
				F0711A9827D4D6F1008806C7 /* Launches */,
				F0711A9927D4D6FC008806C7 /* Launchpads */,
			);
			path = Controllers;
			sourceTree = "<group>";
		};
		F0711A9727D4D6EA008806C7 /* Rockets */ = {
			isa = PBXGroup;
			children = (
				F0711A9A27D4D710008806C7 /* RocketsViewController.swift */,
				F0711AB127D4D930008806C7 /* RocketDetailViewController.swift */,
				F0711AB327D4D94A008806C7 /* RocketWikiViewController.swift */,
			);
			path = Rockets;
			sourceTree = "<group>";
		};
		F0711A9827D4D6F1008806C7 /* Launches */ = {
			isa = PBXGroup;
			children = (
				F0711A9C27D4D729008806C7 /* LaunchesViewController.swift */,
				F0711AB527D4D968008806C7 /* LaunchDetailViewController.swift */,
			);
			path = Launches;
			sourceTree = "<group>";
		};
		F0711A9927D4D6FC008806C7 /* Launchpads */ = {
			isa = PBXGroup;
			children = (
				F0711A9E27D4D747008806C7 /* LaunchpadsViewController.swift */,
				F0711AB727D4D98A008806C7 /* LaunchpadDetailViewController.swift */,
			);
			path = Launchpads;
			sourceTree = "<group>";
		};
		F0711AA027D4D762008806C7 /* Services */ = {
			isa = PBXGroup;
			children = (
				F0711AA227D4D77B008806C7 /* NetworkManager.swift */,
				F09AB65F27DCECFA00A050D6 /* TransitionManager.swift */,
			);
			path = Services;
			sourceTree = "<group>";
		};
		F0711AA127D4D768008806C7 /* Models */ = {
			isa = PBXGroup;
			children = (
				F0711AA427D4D78D008806C7 /* Rocket.swift */,
			);
			path = Models;
			sourceTree = "<group>";
		};
		F0711AA627D4D83E008806C7 /* Views */ = {
			isa = PBXGroup;
			children = (
				F0711AA727D4D84F008806C7 /* Cell */,
				F0711AA927D4D85C008806C7 /* AlertError.swift */,
			);
			path = Views;
			sourceTree = "<group>";
		};
		F0711AA727D4D84F008806C7 /* Cell */ = {
			isa = PBXGroup;
			children = (
				F0711AAB27D4D875008806C7 /* RocketsCollectionViewCell.swift */,
				F0FCDC7C27E331E300EAFDA2 /* LaunchesCollectionViewCell.swift */,
				F0FCDC7E27E3325E00EAFDA2 /* LaunchpadsCollectionViewCell.swift */,
			);
			path = Cell;
			sourceTree = "<group>";
		};
		F0711AAD27D4D8D7008806C7 /* Extensions */ = {
			isa = PBXGroup;
			children = (
				F0711AAE27D4D8DD008806C7 /* UIKit */,
				F0F0426C27DA3D3A00225F78 /* String+Date.swift */,
			);
			path = Extensions;
			sourceTree = "<group>";
		};
		F0711AAE27D4D8DD008806C7 /* UIKit */ = {
			isa = PBXGroup;
			children = (
				F0711AAF27D4D8E7008806C7 /* UIViewController.swift */,
				F0711AB927D4DF04008806C7 /* UIImageView.swift */,
				F0F5FAB827D5475D00F8FDD7 /* UILabel.swift */,
				F0F5FABA27D54A2100F8FDD7 /* UIColor.swift */,
				F0F5FABC27D54BEF00F8FDD7 /* UIStackView.swift */,
			);
			path = UIKit;
			sourceTree = "<group>";
		};
/* End PBXGroup section */

/* Begin PBXNativeTarget section */
		F0711A7927D4D553008806C7 /* SpaceX */ = {
			isa = PBXNativeTarget;
			buildConfigurationList = F0711A8E27D4D555008806C7 /* Build configuration list for PBXNativeTarget "SpaceX" */;
			buildPhases = (
				F0711A7627D4D553008806C7 /* Sources */,
				F0711A7727D4D553008806C7 /* Frameworks */,
				F0711A7827D4D553008806C7 /* Resources */,
			);
			buildRules = (
			);
			dependencies = (
			);
			name = SpaceX;
			productName = SpaceX;
			productReference = F0711A7A27D4D553008806C7 /* SpaceX.app */;
			productType = "com.apple.product-type.application";
		};
/* End PBXNativeTarget section */

/* Begin PBXProject section */
		F0711A7227D4D553008806C7 /* Project object */ = {
			isa = PBXProject;
			attributes = {
				BuildIndependentTargetsInParallel = 1;
				LastSwiftUpdateCheck = 1320;
				LastUpgradeCheck = 1320;
				TargetAttributes = {
					F0711A7927D4D553008806C7 = {
						CreatedOnToolsVersion = 13.2.1;
					};
				};
			};
			buildConfigurationList = F0711A7527D4D553008806C7 /* Build configuration list for PBXProject "SpaceX" */;
			compatibilityVersion = "Xcode 13.0";
			developmentRegion = en;
			hasScannedForEncodings = 0;
			knownRegions = (
				en,
				Base,
			);
			mainGroup = F0711A7127D4D553008806C7;
			productRefGroup = F0711A7B27D4D553008806C7 /* Products */;
			projectDirPath = "";
			projectRoot = "";
			targets = (
				F0711A7927D4D553008806C7 /* SpaceX */,
			);
		};
/* End PBXProject section */

/* Begin PBXResourcesBuildPhase section */
		F0711A7827D4D553008806C7 /* Resources */ = {
			isa = PBXResourcesBuildPhase;
			buildActionMask = 2147483647;
			files = (
				F0711A8A27D4D555008806C7 /* LaunchScreen.storyboard in Resources */,
				F0711A8727D4D555008806C7 /* Assets.xcassets in Resources */,
			);
			runOnlyForDeploymentPostprocessing = 0;
		};
/* End PBXResourcesBuildPhase section */

/* Begin PBXSourcesBuildPhase section */
		F0711A7627D4D553008806C7 /* Sources */ = {
			isa = PBXSourcesBuildPhase;
			buildActionMask = 2147483647;
			files = (
				F0F0426D27DA3D3A00225F78 /* String+Date.swift in Sources */,
				F0711AB427D4D94A008806C7 /* RocketWikiViewController.swift in Sources */,
				F0F5FABD27D54BEF00F8FDD7 /* UIStackView.swift in Sources */,
				F0711ABA27D4DF04008806C7 /* UIImageView.swift in Sources */,
				F0711AA527D4D78D008806C7 /* Rocket.swift in Sources */,
				F0711AB627D4D968008806C7 /* LaunchDetailViewController.swift in Sources */,
				F0711AB227D4D930008806C7 /* RocketDetailViewController.swift in Sources */,
				F0711AAC27D4D875008806C7 /* RocketsCollectionViewCell.swift in Sources */,
				F0F5FABB27D54A2100F8FDD7 /* UIColor.swift in Sources */,
				F0F5FAB927D5475D00F8FDD7 /* UILabel.swift in Sources */,
				F0711AA327D4D77B008806C7 /* NetworkManager.swift in Sources */,
				F0FCDC7F27E3325E00EAFDA2 /* LaunchpadsCollectionViewCell.swift in Sources */,
				F0711A9F27D4D747008806C7 /* LaunchpadsViewController.swift in Sources */,
				F0711AB027D4D8E7008806C7 /* UIViewController.swift in Sources */,
				F0FCDC7D27E331E300EAFDA2 /* LaunchesCollectionViewCell.swift in Sources */,
				F0711A9B27D4D710008806C7 /* RocketsViewController.swift in Sources */,
				F0711A9D27D4D729008806C7 /* LaunchesViewController.swift in Sources */,
				F0711AB827D4D98A008806C7 /* LaunchpadDetailViewController.swift in Sources */,
				F09AB66027DCECFA00A050D6 /* TransitionManager.swift in Sources */,
				F0711AAA27D4D85C008806C7 /* AlertError.swift in Sources */,
				F0711A9627D4D6D7008806C7 /* MainTabBarController.swift in Sources */,
				F0711A7E27D4D553008806C7 /* AppDelegate.swift in Sources */,
			);
			runOnlyForDeploymentPostprocessing = 0;
		};
/* End PBXSourcesBuildPhase section */

/* Begin PBXVariantGroup section */
		F0711A8827D4D555008806C7 /* LaunchScreen.storyboard */ = {
			isa = PBXVariantGroup;
			children = (
				F0711A8927D4D555008806C7 /* Base */,
			);
			name = LaunchScreen.storyboard;
			sourceTree = "<group>";
		};
/* End PBXVariantGroup section */

/* Begin XCBuildConfiguration section */
		F0711A8C27D4D555008806C7 /* Debug */ = {
			isa = XCBuildConfiguration;
			buildSettings = {
				ALWAYS_SEARCH_USER_PATHS = NO;
				CLANG_ANALYZER_NONNULL = YES;
				CLANG_ANALYZER_NUMBER_OBJECT_CONVERSION = YES_AGGRESSIVE;
				CLANG_CXX_LANGUAGE_STANDARD = "gnu++17";
				CLANG_CXX_LIBRARY = "libc++";
				CLANG_ENABLE_MODULES = YES;
				CLANG_ENABLE_OBJC_ARC = YES;
				CLANG_ENABLE_OBJC_WEAK = YES;
				CLANG_WARN_BLOCK_CAPTURE_AUTORELEASING = YES;
				CLANG_WARN_BOOL_CONVERSION = YES;
				CLANG_WARN_COMMA = YES;
				CLANG_WARN_CONSTANT_CONVERSION = YES;
				CLANG_WARN_DEPRECATED_OBJC_IMPLEMENTATIONS = YES;
				CLANG_WARN_DIRECT_OBJC_ISA_USAGE = YES_ERROR;
				CLANG_WARN_DOCUMENTATION_COMMENTS = YES;
				CLANG_WARN_EMPTY_BODY = YES;
				CLANG_WARN_ENUM_CONVERSION = YES;
				CLANG_WARN_INFINITE_RECURSION = YES;
				CLANG_WARN_INT_CONVERSION = YES;
				CLANG_WARN_NON_LITERAL_NULL_CONVERSION = YES;
				CLANG_WARN_OBJC_IMPLICIT_RETAIN_SELF = YES;
				CLANG_WARN_OBJC_LITERAL_CONVERSION = YES;
				CLANG_WARN_OBJC_ROOT_CLASS = YES_ERROR;
				CLANG_WARN_QUOTED_INCLUDE_IN_FRAMEWORK_HEADER = YES;
				CLANG_WARN_RANGE_LOOP_ANALYSIS = YES;
				CLANG_WARN_STRICT_PROTOTYPES = YES;
				CLANG_WARN_SUSPICIOUS_MOVE = YES;
				CLANG_WARN_UNGUARDED_AVAILABILITY = YES_AGGRESSIVE;
				CLANG_WARN_UNREACHABLE_CODE = YES;
				CLANG_WARN__DUPLICATE_METHOD_MATCH = YES;
				COPY_PHASE_STRIP = NO;
				DEBUG_INFORMATION_FORMAT = dwarf;
				ENABLE_STRICT_OBJC_MSGSEND = YES;
				ENABLE_TESTABILITY = YES;
				GCC_C_LANGUAGE_STANDARD = gnu11;
				GCC_DYNAMIC_NO_PIC = NO;
				GCC_NO_COMMON_BLOCKS = YES;
				GCC_OPTIMIZATION_LEVEL = 0;
				GCC_PREPROCESSOR_DEFINITIONS = (
					"DEBUG=1",
					"$(inherited)",
				);
				GCC_WARN_64_TO_32_BIT_CONVERSION = YES;
				GCC_WARN_ABOUT_RETURN_TYPE = YES_ERROR;
				GCC_WARN_UNDECLARED_SELECTOR = YES;
				GCC_WARN_UNINITIALIZED_AUTOS = YES_AGGRESSIVE;
				GCC_WARN_UNUSED_FUNCTION = YES;
				GCC_WARN_UNUSED_VARIABLE = YES;
				IPHONEOS_DEPLOYMENT_TARGET = 12.1;
				MTL_ENABLE_DEBUG_INFO = INCLUDE_SOURCE;
				MTL_FAST_MATH = YES;
				ONLY_ACTIVE_ARCH = YES;
				SDKROOT = iphoneos;
				SWIFT_ACTIVE_COMPILATION_CONDITIONS = DEBUG;
				SWIFT_OPTIMIZATION_LEVEL = "-Onone";
			};
			name = Debug;
		};
		F0711A8D27D4D555008806C7 /* Release */ = {
			isa = XCBuildConfiguration;
			buildSettings = {
				ALWAYS_SEARCH_USER_PATHS = NO;
				CLANG_ANALYZER_NONNULL = YES;
				CLANG_ANALYZER_NUMBER_OBJECT_CONVERSION = YES_AGGRESSIVE;
				CLANG_CXX_LANGUAGE_STANDARD = "gnu++17";
				CLANG_CXX_LIBRARY = "libc++";
				CLANG_ENABLE_MODULES = YES;
				CLANG_ENABLE_OBJC_ARC = YES;
				CLANG_ENABLE_OBJC_WEAK = YES;
				CLANG_WARN_BLOCK_CAPTURE_AUTORELEASING = YES;
				CLANG_WARN_BOOL_CONVERSION = YES;
				CLANG_WARN_COMMA = YES;
				CLANG_WARN_CONSTANT_CONVERSION = YES;
				CLANG_WARN_DEPRECATED_OBJC_IMPLEMENTATIONS = YES;
				CLANG_WARN_DIRECT_OBJC_ISA_USAGE = YES_ERROR;
				CLANG_WARN_DOCUMENTATION_COMMENTS = YES;
				CLANG_WARN_EMPTY_BODY = YES;
				CLANG_WARN_ENUM_CONVERSION = YES;
				CLANG_WARN_INFINITE_RECURSION = YES;
				CLANG_WARN_INT_CONVERSION = YES;
				CLANG_WARN_NON_LITERAL_NULL_CONVERSION = YES;
				CLANG_WARN_OBJC_IMPLICIT_RETAIN_SELF = YES;
				CLANG_WARN_OBJC_LITERAL_CONVERSION = YES;
				CLANG_WARN_OBJC_ROOT_CLASS = YES_ERROR;
				CLANG_WARN_QUOTED_INCLUDE_IN_FRAMEWORK_HEADER = YES;
				CLANG_WARN_RANGE_LOOP_ANALYSIS = YES;
				CLANG_WARN_STRICT_PROTOTYPES = YES;
				CLANG_WARN_SUSPICIOUS_MOVE = YES;
				CLANG_WARN_UNGUARDED_AVAILABILITY = YES_AGGRESSIVE;
				CLANG_WARN_UNREACHABLE_CODE = YES;
				CLANG_WARN__DUPLICATE_METHOD_MATCH = YES;
				COPY_PHASE_STRIP = NO;
				DEBUG_INFORMATION_FORMAT = "dwarf-with-dsym";
				ENABLE_NS_ASSERTIONS = NO;
				ENABLE_STRICT_OBJC_MSGSEND = YES;
				GCC_C_LANGUAGE_STANDARD = gnu11;
				GCC_NO_COMMON_BLOCKS = YES;
				GCC_WARN_64_TO_32_BIT_CONVERSION = YES;
				GCC_WARN_ABOUT_RETURN_TYPE = YES_ERROR;
				GCC_WARN_UNDECLARED_SELECTOR = YES;
				GCC_WARN_UNINITIALIZED_AUTOS = YES_AGGRESSIVE;
				GCC_WARN_UNUSED_FUNCTION = YES;
				GCC_WARN_UNUSED_VARIABLE = YES;
				IPHONEOS_DEPLOYMENT_TARGET = 12.1;
				MTL_ENABLE_DEBUG_INFO = NO;
				MTL_FAST_MATH = YES;
				SDKROOT = iphoneos;
				SWIFT_COMPILATION_MODE = wholemodule;
				SWIFT_OPTIMIZATION_LEVEL = "-O";
				VALIDATE_PRODUCT = YES;
			};
			name = Release;
		};
		F0711A8F27D4D555008806C7 /* Debug */ = {
			isa = XCBuildConfiguration;
			buildSettings = {
				ASSETCATALOG_COMPILER_APPICON_NAME = AppIcon;
				ASSETCATALOG_COMPILER_GLOBAL_ACCENT_COLOR_NAME = AccentColor;
				CODE_SIGN_STYLE = Automatic;
				CURRENT_PROJECT_VERSION = 1;
				DEVELOPMENT_TEAM = H8V3Y2JKY7;
				GENERATE_INFOPLIST_FILE = YES;
				INFOPLIST_FILE = SpaceX/Resources/Info.plist;
				INFOPLIST_KEY_UIApplicationSupportsIndirectInputEvents = YES;
				INFOPLIST_KEY_UILaunchStoryboardName = LaunchScreen;
				INFOPLIST_KEY_UISupportedInterfaceOrientations_iPad = "UIInterfaceOrientationPortrait UIInterfaceOrientationPortraitUpsideDown UIInterfaceOrientationLandscapeLeft UIInterfaceOrientationLandscapeRight";
				INFOPLIST_KEY_UISupportedInterfaceOrientations_iPhone = "UIInterfaceOrientationPortrait UIInterfaceOrientationLandscapeLeft UIInterfaceOrientationLandscapeRight";
				IPHONEOS_DEPLOYMENT_TARGET = 12.1;
				LD_RUNPATH_SEARCH_PATHS = (
					"$(inherited)",
					"@executable_path/Frameworks",
				);
				MARKETING_VERSION = 1.0;
				PRODUCT_BUNDLE_IDENTIFIER = com.egbad.SpaceX;
				PRODUCT_NAME = "$(TARGET_NAME)";
				SWIFT_EMIT_LOC_STRINGS = YES;
				SWIFT_VERSION = 5.0;
				TARGETED_DEVICE_FAMILY = 1;
			};
			name = Debug;
		};
		F0711A9027D4D555008806C7 /* Release */ = {
			isa = XCBuildConfiguration;
			buildSettings = {
				ASSETCATALOG_COMPILER_APPICON_NAME = AppIcon;
				ASSETCATALOG_COMPILER_GLOBAL_ACCENT_COLOR_NAME = AccentColor;
				CODE_SIGN_STYLE = Automatic;
				CURRENT_PROJECT_VERSION = 1;
				DEVELOPMENT_TEAM = H8V3Y2JKY7;
				GENERATE_INFOPLIST_FILE = YES;
				INFOPLIST_FILE = SpaceX/Resources/Info.plist;
				INFOPLIST_KEY_UIApplicationSupportsIndirectInputEvents = YES;
				INFOPLIST_KEY_UILaunchStoryboardName = LaunchScreen;
				INFOPLIST_KEY_UISupportedInterfaceOrientations_iPad = "UIInterfaceOrientationPortrait UIInterfaceOrientationPortraitUpsideDown UIInterfaceOrientationLandscapeLeft UIInterfaceOrientationLandscapeRight";
				INFOPLIST_KEY_UISupportedInterfaceOrientations_iPhone = "UIInterfaceOrientationPortrait UIInterfaceOrientationLandscapeLeft UIInterfaceOrientationLandscapeRight";
				IPHONEOS_DEPLOYMENT_TARGET = 12.1;
				LD_RUNPATH_SEARCH_PATHS = (
					"$(inherited)",
					"@executable_path/Frameworks",
				);
				MARKETING_VERSION = 1.0;
				PRODUCT_BUNDLE_IDENTIFIER = com.egbad.SpaceX;
				PRODUCT_NAME = "$(TARGET_NAME)";
				SWIFT_EMIT_LOC_STRINGS = YES;
				SWIFT_VERSION = 5.0;
				TARGETED_DEVICE_FAMILY = 1;
			};
			name = Release;
		};
/* End XCBuildConfiguration section */

/* Begin XCConfigurationList section */
		F0711A7527D4D553008806C7 /* Build configuration list for PBXProject "SpaceX" */ = {
			isa = XCConfigurationList;
			buildConfigurations = (
				F0711A8C27D4D555008806C7 /* Debug */,
				F0711A8D27D4D555008806C7 /* Release */,
			);
			defaultConfigurationIsVisible = 0;
			defaultConfigurationName = Release;
		};
		F0711A8E27D4D555008806C7 /* Build configuration list for PBXNativeTarget "SpaceX" */ = {
			isa = XCConfigurationList;
			buildConfigurations = (
				F0711A8F27D4D555008806C7 /* Debug */,
				F0711A9027D4D555008806C7 /* Release */,
			);
			defaultConfigurationIsVisible = 0;
			defaultConfigurationName = Release;
		};
/* End XCConfigurationList section */
	};
	rootObject = F0711A7227D4D553008806C7 /* Project object */;
}
